
Microsoft Visual Studio Solution File, Format Version 12.00
# Visual Studio Version 17
VisualStudioVersion = 17.2.32516.85
MinimumVisualStudioVersion = 10.0.40219.1
Project("{FAE04EC0-301F-11D3-BF4B-00C04F79EFBC}") = "GerenciadorDeContas.ContasBancarias", "GerenciadorDeContas\GerenciadorDeContas.ContasBancarias.csproj", "{F5C0338E-1DEC-4F49-A80A-888242DA002A}"
EndProject
Global
	GlobalSection(SolutionConfigurationPlatforms) = preSolution
		Debug|Any CPU = Debug|Any CPU
		Release|Any CPU = Release|Any CPU
	EndGlobalSection
	GlobalSection(ProjectConfigurationPlatforms) = postSolution
		{F5C0338E-1DEC-4F49-A80A-888242DA002A}.Debug|Any CPU.ActiveCfg = Debug|Any CPU
		{F5C0338E-1DEC-4F49-A80A-888242DA002A}.Debug|Any CPU.Build.0 = Debug|Any CPU
		{F5C0338E-1DEC-4F49-A80A-888242DA002A}.Release|Any CPU.ActiveCfg = Release|Any CPU
		{F5C0338E-1DEC-4F49-A80A-888242DA002A}.Release|Any CPU.Build.0 = Release|Any CPU
	EndGlobalSection
	GlobalSection(SolutionProperties) = preSolution
		HideSolutionNode = FALSE
	EndGlobalSection
	GlobalSection(ExtensibilityGlobals) = postSolution
		SolutionGuid = {BDB13150-D1A5-49B9-B4F2-5BE1D83166C6}
	EndGlobalSection
EndGlobal
